
Microsoft Visual Studio Solution File, Format Version 12.00
# Visual Studio Version 16
VisualStudioVersion = 16.0.29911.84
MinimumVisualStudioVersion = 10.0.40219.1
Project("{FAE04EC0-301F-11D3-BF4B-00C04F79EFBC}") = "DynamicPermission.AspNetCore", "DynamicPermission.AspNetCore\DynamicPermission.AspNetCore.csproj", "{22FDE80B-9F24-483C-B2EC-31D9A0D847CF}"
EndProject
Global
	GlobalSection(SolutionConfigurationPlatforms) = preSolution
		Debug|Any CPU = Debug|Any CPU
		Release|Any CPU = Release|Any CPU
	EndGlobalSection
	GlobalSection(ProjectConfigurationPlatforms) = postSolution
		{22FDE80B-9F24-483C-B2EC-31D9A0D847CF}.Debug|Any CPU.ActiveCfg = Debug|Any CPU
		{22FDE80B-9F24-483C-B2EC-31D9A0D847CF}.Debug|Any CPU.Build.0 = Debug|Any CPU
		{22FDE80B-9F24-483C-B2EC-31D9A0D847CF}.Release|Any CPU.ActiveCfg = Release|Any CPU
		{22FDE80B-9F24-483C-B2EC-31D9A0D847CF}.Release|Any CPU.Build.0 = Release|Any CPU
	EndGlobalSection
	GlobalSection(SolutionProperties) = preSolution
		HideSolutionNode = FALSE
	EndGlobalSection
	GlobalSection(ExtensibilityGlobals) = postSolution
		SolutionGuid = {25F1B117-CB42-4A38-8FE3-4D793C403322}
	EndGlobalSection
EndGlobal
